{
  "requires": true,
  "lockfileVersion": 1,
  "dependencies": {
    "simple-react-validator": {
      "version": "0.0.8",
      "resolved": "https://registry.npmjs.org/simple-react-validator/-/simple-react-validator-0.0.8.tgz",
      "integrity": "sha512-8TcZ4p6sahFoNZNJ7zf4xua8/HIAgGg3atuGxtl426ss+8GL6wQQIZYy96aoPNEwjz1bK7P5po5JkQfPwtmdqw=="
    }
  }
}
